
Microsoft Visual Studio Solution File, Format Version 12.00
# Visual Studio 15
VisualStudioVersion = 15.0.27004.2005
MinimumVisualStudioVersion = 10.0.40219.1
Project("{FAE04EC0-301F-11D3-BF4B-00C04F79EFBC}") = "HTML Test", "..\..\..\Desktop\Tech\Projects\Visual Studio Projects\HTML Test\HTML Test\HTML Test.csproj", "{A57A778B-CBE8-4118-8708-445C61DAF44D}"
EndProject
Global
	GlobalSection(SolutionConfigurationPlatforms) = preSolution
		Debug|Any CPU = Debug|Any CPU
		Release|Any CPU = Release|Any CPU
	EndGlobalSection
	GlobalSection(ProjectConfigurationPlatforms) = postSolution
		{A57A778B-CBE8-4118-8708-445C61DAF44D}.Debug|Any CPU.ActiveCfg = Debug|Any CPU
		{A57A778B-CBE8-4118-8708-445C61DAF44D}.Debug|Any CPU.Build.0 = Debug|Any CPU
		{A57A778B-CBE8-4118-8708-445C61DAF44D}.Release|Any CPU.ActiveCfg = Release|Any CPU
		{A57A778B-CBE8-4118-8708-445C61DAF44D}.Release|Any CPU.Build.0 = Release|Any CPU
	EndGlobalSection
	GlobalSection(SolutionProperties) = preSolution
		HideSolutionNode = FALSE
	EndGlobalSection
	GlobalSection(ExtensibilityGlobals) = postSolution
		SolutionGuid = {4E3CCE5F-2DB6-46BA-BF1A-6694FE62A827}
	EndGlobalSection
EndGlobal
